{
  "name": "thats-my-best-engineering-case-study",
  "version": "1.0.0",
  "lockfileVersion": 3,
  "requires": true,
  "packages": {
    "": {
      "name": "thats-my-best-engineering-case-study",
      "version": "1.0.0",
      "license": "UNLICENSED",
      "engines": {
        "node": ">=20"
      },
      "private": true
    }
  }
}
